{
  "originHash" : "1038e74ee46b44ee21f68021db35027e4d40d088279855c4dd78405867520b13",
  "pins" : [
    {
      "identity" : "calendarview",
      "kind" : "remoteSourceControl",
      "location" : "https://github.com/Mijick/CalendarView.git",
      "state" : {
        "revision" : "b347587ba39a023b61881158872db9d01a90a9a6",
        "version" : "1.0.0"
      }
    },
    {
      "identity" : "fscalendar",
      "kind" : "remoteSourceControl",
      "location" : "https://github.com/WenchaoD/FSCalendar.git",
      "state" : {
        "revision" : "0fbdec5172fccb90f707472eeaea4ffe095278f6",
        "version" : "2.8.4"
      }
    }
  ],
  "version" : 3
}
